<Solution>
  <Folder Name="/services/">
    <Project Path="services/AdminApi/AdminApi.csproj" />
    <Project Path="services/AgentService/AgentService.csproj" />
    <Project Path="services/Gateway/Gateway.csproj" />
    <Project Path="services/Orchestrator/Orchestrator.csproj" />
    <Project Path="services/OutboxWorker/OutboxWorker.csproj" />
  </Folder>
  <Folder Name="/shared/">
    <Project Path="shared/Axon.Contracts/Axon.Contracts.csproj" />
  </Folder>
</Solution>
